
Microsoft Visual Studio Solution File, Format Version 12.00
# Visual Studio Version 17
VisualStudioVersion = 17.5.33530.505
MinimumVisualStudioVersion = 10.0.40219.1
Project("{FAE04EC0-301F-11D3-BF4B-00C04F79EFBC}") = "AppCaraCoroa.Android", "AppCaraCoroa\AppCaraCoroa.Android\AppCaraCoroa.Android.csproj", "{4504EA3B-0B5A-432B-91FD-5A4476E092C9}"
EndProject
Project("{FAE04EC0-301F-11D3-BF4B-00C04F79EFBC}") = "AppCaraCoroa", "AppCaraCoroa\AppCaraCoroa\AppCaraCoroa.csproj", "{6AB08AC6-6638-41AE-A197-5F8CA507A912}"
EndProject
Global
	GlobalSection(SolutionConfigurationPlatforms) = preSolution
		Debug|Any CPU = Debug|Any CPU
		Release|Any CPU = Release|Any CPU
	EndGlobalSection
	GlobalSection(ProjectConfigurationPlatforms) = postSolution
		{4504EA3B-0B5A-432B-91FD-5A4476E092C9}.Debug|Any CPU.ActiveCfg = Debug|Any CPU
		{4504EA3B-0B5A-432B-91FD-5A4476E092C9}.Debug|Any CPU.Build.0 = Debug|Any CPU
		{4504EA3B-0B5A-432B-91FD-5A4476E092C9}.Debug|Any CPU.Deploy.0 = Debug|Any CPU
		{4504EA3B-0B5A-432B-91FD-5A4476E092C9}.Release|Any CPU.ActiveCfg = Release|Any CPU
		{4504EA3B-0B5A-432B-91FD-5A4476E092C9}.Release|Any CPU.Build.0 = Release|Any CPU
		{4504EA3B-0B5A-432B-91FD-5A4476E092C9}.Release|Any CPU.Deploy.0 = Release|Any CPU
		{6AB08AC6-6638-41AE-A197-5F8CA507A912}.Debug|Any CPU.ActiveCfg = Debug|Any CPU
		{6AB08AC6-6638-41AE-A197-5F8CA507A912}.Debug|Any CPU.Build.0 = Debug|Any CPU
		{6AB08AC6-6638-41AE-A197-5F8CA507A912}.Debug|Any CPU.Deploy.0 = Debug|Any CPU
		{6AB08AC6-6638-41AE-A197-5F8CA507A912}.Release|Any CPU.ActiveCfg = Release|Any CPU
		{6AB08AC6-6638-41AE-A197-5F8CA507A912}.Release|Any CPU.Build.0 = Release|Any CPU
		{6AB08AC6-6638-41AE-A197-5F8CA507A912}.Release|Any CPU.Deploy.0 = Release|Any CPU
	EndGlobalSection
	GlobalSection(SolutionProperties) = preSolution
		HideSolutionNode = FALSE
	EndGlobalSection
	GlobalSection(ExtensibilityGlobals) = postSolution
		SolutionGuid = {F692FC20-3E3B-40B9-9E54-49BB7397AD9C}
	EndGlobalSection
EndGlobal
